// !$*UTF8*$!
{
	archiveVersion = 1;
	classes = {
	};
	objectVersion = 48;
	objects = {

/* Begin PBXBuildFile section */
		C79D17BF1FA2889C00D25C4B /* AppDelegate.swift in Sources */ = {isa = PBXBuildFile; fileRef = C79D17BE1FA2889C00D25C4B /* AppDelegate.swift */; };
		C79D17C11FA2889C00D25C4B /* ViewController.swift in Sources */ = {isa = PBXBuildFile; fileRef = C79D17C01FA2889C00D25C4B /* ViewController.swift */; };
		C79D17C41FA2889C00D25C4B /* Main.storyboard in Resources */ = {isa = PBXBuildFile; fileRef = C79D17C21FA2889C00D25C4B /* Main.storyboard */; };
		C79D17C61FA2889C00D25C4B /* Assets.xcassets in Resources */ = {isa = PBXBuildFile; fileRef = C79D17C51FA2889C00D25C4B /* Assets.xcassets */; };
		C79D17C91FA2889C00D25C4B /* LaunchScreen.storyboard in Resources */ = {isa = PBXBuildFile; fileRef = C79D17C71FA2889C00D25C4B /* LaunchScreen.storyboard */; };
		C79D17D11FA28CCD00D25C4B /* BluetoothViewController.swift in Sources */ = {isa = PBXBuildFile; fileRef = C79D17D01FA28CCD00D25C4B /* BluetoothViewController.swift */; };
/* End PBXBuildFile section */

/* Begin PBXFileReference section */
		C79D17BB1FA2889C00D25C4B /* EPICS_GDAT.app */ = {isa = PBXFileReference; explicitFileType = wrapper.application; includeInIndex = 0; path = EPICS_GDAT.app; sourceTree = BUILT_PRODUCTS_DIR; };
		C79D17BE1FA2889C00D25C4B /* AppDelegate.swift */ = {isa = PBXFileReference; lastKnownFileType = sourcecode.swift; path = AppDelegate.swift; sourceTree = "<group>"; };
		C79D17C01FA2889C00D25C4B /* ViewController.swift */ = {isa = PBXFileReference; lastKnownFileType = sourcecode.swift; path = ViewController.swift; sourceTree = "<group>"; };
		C79D17C31FA2889C00D25C4B /* Base */ = {isa = PBXFileReference; lastKnownFileType = file.storyboard; name = Base; path = Base.lproj/Main.storyboard; sourceTree = "<group>"; };
		C79D17C51FA2889C00D25C4B /* Assets.xcassets */ = {isa = PBXFileReference; lastKnownFileType = folder.assetcatalog; path = Assets.xcassets; sourceTree = "<group>"; };
		C79D17C81FA2889C00D25C4B /* Base */ = {isa = PBXFileReference; lastKnownFileType = file.storyboard; name = Base; path = Base.lproj/LaunchScreen.storyboard; sourceTree = "<group>"; };
		C79D17CA1FA2889C00D25C4B /* Info.plist */ = {isa = PBXFileReference; lastKnownFileType = text.plist.xml; path = Info.plist; sourceTree = "<group>"; };
		C79D17D01FA28CCD00D25C4B /* BluetoothViewController.swift */ = {isa = PBXFileReference; lastKnownFileType = sourcecode.swift; path = BluetoothViewController.swift; sourceTree = "<group>"; };
/* End PBXFileReference section */

/* Begin PBXFrameworksBuildPhase section */
		C79D17B81FA2889C00D25C4B /* Frameworks */ = {
			isa = PBXFrameworksBuildPhase;
			buildActionMask = 2147483647;
			files = (
			);
			runOnlyForDeploymentPostprocessing = 0;
		};
/* End PBXFrameworksBuildPhase section */

/* Begin PBXGroup section */
		C79D17B21FA2889C00D25C4B = {
			isa = PBXGroup;
			children = (
				C79D17BD1FA2889C00D25C4B /* EPICS_GDAT */,
				C79D17BC1FA2889C00D25C4B /* Products */,
			);
			sourceTree = "<group>";
		};
		C79D17BC1FA2889C00D25C4B /* Products */ = {
			isa = PBXGroup;
			children = (
				C79D17BB1FA2889C00D25C4B /* EPICS_GDAT.app */,
			);
			name = Products;
			sourceTree = "<group>";
		};
		C79D17BD1FA2889C00D25C4B /* EPICS_GDAT */ = {
			isa = PBXGroup;
			children = (
				C79D17BE1FA2889C00D25C4B /* AppDelegate.swift */,
				C79D17C01FA2889C00D25C4B /* ViewController.swift */,
				C79D17C21FA2889C00D25C4B /* Main.storyboard */,
				C79D17C51FA2889C00D25C4B /* Assets.xcassets */,
				C79D17C71FA2889C00D25C4B /* LaunchScreen.storyboard */,
				C79D17CA1FA2889C00D25C4B /* Info.plist */,
				C79D17D01FA28CCD00D25C4B /* BluetoothViewController.swift */,
			);
			path = EPICS_GDAT;
			sourceTree = "<group>";
		};
/* End PBXGroup section */

/* Begin PBXNativeTarget section */
		C79D17BA1FA2889C00D25C4B /* EPICS_GDAT */ = {
			isa = PBXNativeTarget;
			buildConfigurationList = C79D17CD1FA2889C00D25C4B /* Build configuration list for PBXNativeTarget "EPICS_GDAT" */;
			buildPhases = (
				C79D17B71FA2889C00D25C4B /* Sources */,
				C79D17B81FA2889C00D25C4B /* Frameworks */,
				C79D17B91FA2889C00D25C4B /* Resources */,
			);
			buildRules = (
			);
			dependencies = (
			);
			name = EPICS_GDAT;
			productName = EPICS_GDAT;
			productReference = C79D17BB1FA2889C00D25C4B /* EPICS_GDAT.app */;
			productType = "com.apple.product-type.application";
		};
/* End PBXNativeTarget section */

/* Begin PBXProject section */
		C79D17B31FA2889C00D25C4B /* Project object */ = {
			isa = PBXProject;
			attributes = {
				LastSwiftUpdateCheck = 0910;
				LastUpgradeCheck = 0910;
				ORGANIZATIONNAME = "Siraj Zaneer";
				TargetAttributes = {
					C79D17BA1FA2889C00D25C4B = {
						CreatedOnToolsVersion = 9.1;
						ProvisioningStyle = Automatic;
					};
				};
			};
			buildConfigurationList = C79D17B61FA2889C00D25C4B /* Build configuration list for PBXProject "EPICS_GDAT" */;
			compatibilityVersion = "Xcode 8.0";
			developmentRegion = en;
			hasScannedForEncodings = 0;
			knownRegions = (
				en,
				Base,
			);
			mainGroup = C79D17B21FA2889C00D25C4B;
			productRefGroup = C79D17BC1FA2889C00D25C4B /* Products */;
			projectDirPath = "";
			projectRoot = "";
			targets = (
				C79D17BA1FA2889C00D25C4B /* EPICS_GDAT */,
			);
		};
/* End PBXProject section */

/* Begin PBXResourcesBuildPhase section */
		C79D17B91FA2889C00D25C4B /* Resources */ = {
			isa = PBXResourcesBuildPhase;
			buildActionMask = 2147483647;
			files = (
				C79D17C91FA2889C00D25C4B /* LaunchScreen.storyboard in Resources */,
				C79D17C61FA2889C00D25C4B /* Assets.xcassets in Resources */,
				C79D17C41FA2889C00D25C4B /* Main.storyboard in Resources */,
			);
			runOnlyForDeploymentPostprocessing = 0;
		};
/* End PBXResourcesBuildPhase section */

/* Begin PBXSourcesBuildPhase section */
		C79D17B71FA2889C00D25C4B /* Sources */ = {
			isa = PBXSourcesBuildPhase;
			buildActionMask = 2147483647;
			files = (
				C79D17D11FA28CCD00D25C4B /* BluetoothViewController.swift in Sources */,
				C79D17C11FA2889C00D25C4B /* ViewController.swift in Sources */,
				C79D17BF1FA2889C00D25C4B /* AppDelegate.swift in Sources */,
			);
			runOnlyForDeploymentPostprocessing = 0;
		};
/* End PBXSourcesBuildPhase section */

/* Begin PBXVariantGroup section */
		C79D17C21FA2889C00D25C4B /* Main.storyboard */ = {
			isa = PBXVariantGroup;
			children = (
				C79D17C31FA2889C00D25C4B /* Base */,
			);
			name = Main.storyboard;
			sourceTree = "<group>";
		};
		C79D17C71FA2889C00D25C4B /* LaunchScreen.storyboard */ = {
			isa = PBXVariantGroup;
			children = (
				C79D17C81FA2889C00D25C4B /* Base */,
			);
			name = LaunchScreen.storyboard;
			sourceTree = "<group>";
		};
/* End PBXVariantGroup section */

/* Begin XCBuildConfiguration section */
		C79D17CB1FA2889C00D25C4B /* Debug */ = {
			isa = XCBuildConfiguration;
			buildSettings = {
				ALWAYS_SEARCH_USER_PATHS = NO;
				CLANG_ANALYZER_NONNULL = YES;
				CLANG_ANALYZER_NUMBER_OBJECT_CONVERSION = YES_AGGRESSIVE;
				CLANG_CXX_LANGUAGE_STANDARD = "gnu++14";
				CLANG_CXX_LIBRARY = "libc++";
				CLANG_ENABLE_MODULES = YES;
				CLANG_ENABLE_OBJC_ARC = YES;
				CLANG_WARN_BLOCK_CAPTURE_AUTORELEASING = YES;
				CLANG_WARN_BOOL_CONVERSION = YES;
				CLANG_WARN_COMMA = YES;
				CLANG_WARN_CONSTANT_CONVERSION = YES;
				CLANG_WARN_DIRECT_OBJC_ISA_USAGE = YES_ERROR;
				CLANG_WARN_DOCUMENTATION_COMMENTS = YES;
				CLANG_WARN_EMPTY_BODY = YES;
				CLANG_WARN_ENUM_CONVERSION = YES;
				CLANG_WARN_INFINITE_RECURSION = YES;
				CLANG_WARN_INT_CONVERSION = YES;
				CLANG_WARN_NON_LITERAL_NULL_CONVERSION = YES;
				CLANG_WARN_OBJC_LITERAL_CONVERSION = YES;
				CLANG_WARN_OBJC_ROOT_CLASS = YES_ERROR;
				CLANG_WARN_RANGE_LOOP_ANALYSIS = YES;
				CLANG_WARN_STRICT_PROTOTYPES = YES;
				CLANG_WARN_SUSPICIOUS_MOVE = YES;
				CLANG_WARN_UNGUARDED_AVAILABILITY = YES_AGGRESSIVE;
				CLANG_WARN_UNREACHABLE_CODE = YES;
				CLANG_WARN__DUPLICATE_METHOD_MATCH = YES;
				CODE_SIGN_IDENTITY = "iPhone Developer";
				COPY_PHASE_STRIP = NO;
				DEBUG_INFORMATION_FORMAT = dwarf;
				ENABLE_STRICT_OBJC_MSGSEND = YES;
				ENABLE_TESTABILITY = YES;
				GCC_C_LANGUAGE_STANDARD = gnu11;
				GCC_DYNAMIC_NO_PIC = NO;
				GCC_NO_COMMON_BLOCKS = YES;
				GCC_OPTIMIZATION_LEVEL = 0;
				GCC_PREPROCESSOR_DEFINITIONS = (
					"DEBUG=1",
					"$(inherited)",
				);
				GCC_WARN_64_TO_32_BIT_CONVERSION = YES;
				GCC_WARN_ABOUT_RETURN_TYPE = YES_ERROR;
				GCC_WARN_UNDECLARED_SELECTOR = YES;
				GCC_WARN_UNINITIALIZED_AUTOS = YES_AGGRESSIVE;
				GCC_WARN_UNUSED_FUNCTION = YES;
				GCC_WARN_UNUSED_VARIABLE = YES;
				IPHONEOS_DEPLOYMENT_TARGET = 11.1;
				MTL_ENABLE_DEBUG_INFO = YES;
				ONLY_ACTIVE_ARCH = YES;
				SDKROOT = iphoneos;
				SWIFT_ACTIVE_COMPILATION_CONDITIONS = DEBUG;
				SWIFT_OPTIMIZATION_LEVEL = "-Onone";
			};
			name = Debug;
		};
		C79D17CC1FA2889C00D25C4B /* Release */ = {
			isa = XCBuildConfiguration;
			buildSettings = {
				ALWAYS_SEARCH_USER_PATHS = NO;
				CLANG_ANALYZER_NONNULL = YES;
				CLANG_ANALYZER_NUMBER_OBJECT_CONVERSION = YES_AGGRESSIVE;
				CLANG_CXX_LANGUAGE_STANDARD = "gnu++14";
				CLANG_CXX_LIBRARY = "libc++";
				CLANG_ENABLE_MODULES = YES;
				CLANG_ENABLE_OBJC_ARC = YES;
				CLANG_WARN_BLOCK_CAPTURE_AUTORELEASING = YES;
				CLANG_WARN_BOOL_CONVERSION = YES;
				CLANG_WARN_COMMA = YES;
				CLANG_WARN_CONSTANT_CONVERSION = YES;
				CLANG_WARN_DIRECT_OBJC_ISA_USAGE = YES_ERROR;
				CLANG_WARN_DOCUMENTATION_COMMENTS = YES;
				CLANG_WARN_EMPTY_BODY = YES;
				CLANG_WARN_ENUM_CONVERSION = YES;
				CLANG_WARN_INFINITE_RECURSION = YES;
				CLANG_WARN_INT_CONVERSION = YES;
				CLANG_WARN_NON_LITERAL_NULL_CONVERSION = YES;
				CLANG_WARN_OBJC_LITERAL_CONVERSION = YES;
				CLANG_WARN_OBJC_ROOT_CLASS = YES_ERROR;
				CLANG_WARN_RANGE_LOOP_ANALYSIS = YES;
				CLANG_WARN_STRICT_PROTOTYPES = YES;
				CLANG_WARN_SUSPICIOUS_MOVE = YES;
				CLANG_WARN_UNGUARDED_AVAILABILITY = YES_AGGRESSIVE;
				CLANG_WARN_UNREACHABLE_CODE = YES;
				CLANG_WARN__DUPLICATE_METHOD_MATCH = YES;
				CODE_SIGN_IDENTITY = "iPhone Developer";
				COPY_PHASE_STRIP = NO;
				DEBUG_INFORMATION_FORMAT = "dwarf-with-dsym";
				ENABLE_NS_ASSERTIONS = NO;
				ENABLE_STRICT_OBJC_MSGSEND = YES;
				GCC_C_LANGUAGE_STANDARD = gnu11;
				GCC_NO_COMMON_BLOCKS = YES;
				GCC_WARN_64_TO_32_BIT_CONVERSION = YES;
				GCC_WARN_ABOUT_RETURN_TYPE = YES_ERROR;
				GCC_WARN_UNDECLARED_SELECTOR = YES;
				GCC_WARN_UNINITIALIZED_AUTOS = YES_AGGRESSIVE;
				GCC_WARN_UNUSED_FUNCTION = YES;
				GCC_WARN_UNUSED_VARIABLE = YES;
				IPHONEOS_DEPLOYMENT_TARGET = 11.1;
				MTL_ENABLE_DEBUG_INFO = NO;
				SDKROOT = iphoneos;
				SWIFT_OPTIMIZATION_LEVEL = "-Owholemodule";
				VALIDATE_PRODUCT = YES;
			};
			name = Release;
		};
		C79D17CE1FA2889C00D25C4B /* Debug */ = {
			isa = XCBuildConfiguration;
			buildSettings = {
				ASSETCATALOG_COMPILER_APPICON_NAME = AppIcon;
				CODE_SIGN_STYLE = Automatic;
				DEVELOPMENT_TEAM = 3YC9K4952Y;
				INFOPLIST_FILE = EPICS_GDAT/Info.plist;
				LD_RUNPATH_SEARCH_PATHS = "$(inherited) @executable_path/Frameworks";
				PRODUCT_BUNDLE_IDENTIFIER = "com.sirajzaneer.EPICS-GDAT";
				PRODUCT_NAME = "$(TARGET_NAME)";
				SWIFT_VERSION = 4.0;
				TARGETED_DEVICE_FAMILY = "1,2";
			};
			name = Debug;
		};
		C79D17CF1FA2889C00D25C4B /* Release */ = {
			isa = XCBuildConfiguration;
			buildSettings = {
				ASSETCATALOG_COMPILER_APPICON_NAME = AppIcon;
				CODE_SIGN_STYLE = Automatic;
				DEVELOPMENT_TEAM = 3YC9K4952Y;
				INFOPLIST_FILE = EPICS_GDAT/Info.plist;
				LD_RUNPATH_SEARCH_PATHS = "$(inherited) @executable_path/Frameworks";
				PRODUCT_BUNDLE_IDENTIFIER = "com.sirajzaneer.EPICS-GDAT";
				PRODUCT_NAME = "$(TARGET_NAME)";
				SWIFT_VERSION = 4.0;
				TARGETED_DEVICE_FAMILY = "1,2";
			};
			name = Release;
		};
/* End XCBuildConfiguration section */

/* Begin XCConfigurationList section */
		C79D17B61FA2889C00D25C4B /* Build configuration list for PBXProject "EPICS_GDAT" */ = {
			isa = XCConfigurationList;
			buildConfigurations = (
				C79D17CB1FA2889C00D25C4B /* Debug */,
				C79D17CC1FA2889C00D25C4B /* Release */,
			);
			defaultConfigurationIsVisible = 0;
			defaultConfigurationName = Release;
		};
		C79D17CD1FA2889C00D25C4B /* Build configuration list for PBXNativeTarget "EPICS_GDAT" */ = {
			isa = XCConfigurationList;
			buildConfigurations = (
				C79D17CE1FA2889C00D25C4B /* Debug */,
				C79D17CF1FA2889C00D25C4B /* Release */,
			);
			defaultConfigurationIsVisible = 0;
			defaultConfigurationName = Release;
		};
/* End XCConfigurationList section */
	};
	rootObject = C79D17B31FA2889C00D25C4B /* Project object */;
}
